
Microsoft Visual Studio Solution File, Format Version 12.00
# Visual Studio 15
VisualStudioVersion = 15.0.27130.2010
MinimumVisualStudioVersion = 10.0.40219.1
Project("{9A19103F-16F7-4668-BE54-9A1E7A4F7556}") = "Sia.Data.Incidents", "src\Sia.Data.Incident\Sia.Data.Incidents.csproj", "{269ABD9E-3E8E-4F7D-8D45-6FE13F405C5A}"
EndProject
Project("{9A19103F-16F7-4668-BE54-9A1E7A4F7556}") = "Sia.Connectors.Tickets", "src\Sia.Connectors.Tickets\Sia.Connectors.Tickets.csproj", "{B92790C5-C4F1-4052-ABA7-68448F28DDB2}"
EndProject
Project("{9A19103F-16F7-4668-BE54-9A1E7A4F7556}") = "Sia.Gateway", "src\Sia.Gateway\Sia.Gateway.csproj", "{8D465104-1385-4EE4-A1ED-AEE7708A537F}"
EndProject
Project("{2150E333-8FDC-42A3-9474-1A3956D46DE8}") = "src", "src", "{09E441A6-06F8-457A-981A-394473FB8CD5}"
EndProject
Project("{2150E333-8FDC-42A3-9474-1A3956D46DE8}") = "test", "test", "{931F26AB-58CD-4667-A281-EEC186F2FB59}"
EndProject
Project("{9A19103F-16F7-4668-BE54-9A1E7A4F7556}") = "Sia.Gateway.Tests", "test\Sia.Gateway.Tests\Sia.Gateway.Tests.csproj", "{7FED8930-1B06-4954-8337-C2DEC6697D6F}"
EndProject
Project("{2150E333-8FDC-42A3-9474-1A3956D46DE8}") = "Sia.Root", "Sia.Root", "{AAE5FA7E-B788-4E88-8E65-D27B7D1B0E0B}"
EndProject
Project("{9A19103F-16F7-4668-BE54-9A1E7A4F7556}") = "Sia.Domain", "domain\Domain\Sia.Domain\Sia.Domain.csproj", "{89DF1F67-19EC-4E38-B962-C1860C8D1D13}"
EndProject
Project("{9A19103F-16F7-4668-BE54-9A1E7A4F7556}") = "Sia.Domain.ApiModels", "domain\Domain\Sia.Domain.ApiModels\Sia.Domain.ApiModels.csproj", "{826F9246-47E0-4333-947B-F8AB7C480383}"
EndProject
Project("{9A19103F-16F7-4668-BE54-9A1E7A4F7556}") = "Sia.Shared.Tests", "domain\Domain\Sia.Shared.Tests\Sia.Shared.Tests.csproj", "{26C3DFC8-1AF2-4AD8-B54C-A4535285440C}"
EndProject
Project("{2150E333-8FDC-42A3-9474-1A3956D46DE8}") = "misc", "misc", "{9845797A-7F60-4400-B4C4-D748417E1F64}"
	ProjectSection(SolutionItems) = preProject
		.gitignore = .gitignore
		.gitmodules = .gitmodules
		.travis.yml = .travis.yml
		LICENSE = LICENSE
		README.md = README.md
	EndProjectSection
EndProject
Project("{FAE04EC0-301F-11D3-BF4B-00C04F79EFBC}") = "Sia.State", "Sia.State\Sia.State.csproj", "{3DE12E9E-0E77-44A3-A1A3-C0CBE124A926}"
EndProject
Project("{9A19103F-16F7-4668-BE54-9A1E7A4F7556}") = "Sia.Core", "domain\Domain\Sia.Core\Sia.Core.csproj", "{F2BC52B7-C366-4D73-B354-2BD4D2254187}"
EndProject
Global
	GlobalSection(SolutionConfigurationPlatforms) = preSolution
		Debug|Any CPU = Debug|Any CPU
		Release|Any CPU = Release|Any CPU
	EndGlobalSection
	GlobalSection(ProjectConfigurationPlatforms) = postSolution
		{269ABD9E-3E8E-4F7D-8D45-6FE13F405C5A}.Debug|Any CPU.ActiveCfg = Debug|Any CPU
		{269ABD9E-3E8E-4F7D-8D45-6FE13F405C5A}.Debug|Any CPU.Build.0 = Debug|Any CPU
		{269ABD9E-3E8E-4F7D-8D45-6FE13F405C5A}.Release|Any CPU.ActiveCfg = Release|Any CPU
		{269ABD9E-3E8E-4F7D-8D45-6FE13F405C5A}.Release|Any CPU.Build.0 = Release|Any CPU
		{B92790C5-C4F1-4052-ABA7-68448F28DDB2}.Debug|Any CPU.ActiveCfg = Debug|Any CPU
		{B92790C5-C4F1-4052-ABA7-68448F28DDB2}.Debug|Any CPU.Build.0 = Debug|Any CPU
		{B92790C5-C4F1-4052-ABA7-68448F28DDB2}.Release|Any CPU.ActiveCfg = Release|Any CPU
		{B92790C5-C4F1-4052-ABA7-68448F28DDB2}.Release|Any CPU.Build.0 = Release|Any CPU
		{8D465104-1385-4EE4-A1ED-AEE7708A537F}.Debug|Any CPU.ActiveCfg = Debug|Any CPU
		{8D465104-1385-4EE4-A1ED-AEE7708A537F}.Debug|Any CPU.Build.0 = Debug|Any CPU
		{8D465104-1385-4EE4-A1ED-AEE7708A537F}.Release|Any CPU.ActiveCfg = Release|Any CPU
		{8D465104-1385-4EE4-A1ED-AEE7708A537F}.Release|Any CPU.Build.0 = Release|Any CPU
		{7FED8930-1B06-4954-8337-C2DEC6697D6F}.Debug|Any CPU.ActiveCfg = Debug|Any CPU
		{7FED8930-1B06-4954-8337-C2DEC6697D6F}.Debug|Any CPU.Build.0 = Debug|Any CPU
		{7FED8930-1B06-4954-8337-C2DEC6697D6F}.Release|Any CPU.ActiveCfg = Release|Any CPU
		{7FED8930-1B06-4954-8337-C2DEC6697D6F}.Release|Any CPU.Build.0 = Release|Any CPU
		{89DF1F67-19EC-4E38-B962-C1860C8D1D13}.Debug|Any CPU.ActiveCfg = Debug|Any CPU
		{89DF1F67-19EC-4E38-B962-C1860C8D1D13}.Debug|Any CPU.Build.0 = Debug|Any CPU
		{89DF1F67-19EC-4E38-B962-C1860C8D1D13}.Release|Any CPU.ActiveCfg = Release|Any CPU
		{89DF1F67-19EC-4E38-B962-C1860C8D1D13}.Release|Any CPU.Build.0 = Release|Any CPU
		{826F9246-47E0-4333-947B-F8AB7C480383}.Debug|Any CPU.ActiveCfg = Debug|Any CPU
		{826F9246-47E0-4333-947B-F8AB7C480383}.Debug|Any CPU.Build.0 = Debug|Any CPU
		{826F9246-47E0-4333-947B-F8AB7C480383}.Release|Any CPU.ActiveCfg = Release|Any CPU
		{826F9246-47E0-4333-947B-F8AB7C480383}.Release|Any CPU.Build.0 = Release|Any CPU
		{26C3DFC8-1AF2-4AD8-B54C-A4535285440C}.Debug|Any CPU.ActiveCfg = Debug|Any CPU
		{26C3DFC8-1AF2-4AD8-B54C-A4535285440C}.Debug|Any CPU.Build.0 = Debug|Any CPU
		{26C3DFC8-1AF2-4AD8-B54C-A4535285440C}.Release|Any CPU.ActiveCfg = Release|Any CPU
		{26C3DFC8-1AF2-4AD8-B54C-A4535285440C}.Release|Any CPU.Build.0 = Release|Any CPU
		{3DE12E9E-0E77-44A3-A1A3-C0CBE124A926}.Debug|Any CPU.ActiveCfg = Debug|Any CPU
		{3DE12E9E-0E77-44A3-A1A3-C0CBE124A926}.Debug|Any CPU.Build.0 = Debug|Any CPU
		{3DE12E9E-0E77-44A3-A1A3-C0CBE124A926}.Release|Any CPU.ActiveCfg = Release|Any CPU
		{3DE12E9E-0E77-44A3-A1A3-C0CBE124A926}.Release|Any CPU.Build.0 = Release|Any CPU
		{F2BC52B7-C366-4D73-B354-2BD4D2254187}.Debug|Any CPU.ActiveCfg = Debug|Any CPU
		{F2BC52B7-C366-4D73-B354-2BD4D2254187}.Debug|Any CPU.Build.0 = Debug|Any CPU
		{F2BC52B7-C366-4D73-B354-2BD4D2254187}.Release|Any CPU.ActiveCfg = Release|Any CPU
		{F2BC52B7-C366-4D73-B354-2BD4D2254187}.Release|Any CPU.Build.0 = Release|Any CPU
	EndGlobalSection
	GlobalSection(SolutionProperties) = preSolution
		HideSolutionNode = FALSE
	EndGlobalSection
	GlobalSection(NestedProjects) = preSolution
		{269ABD9E-3E8E-4F7D-8D45-6FE13F405C5A} = {09E441A6-06F8-457A-981A-394473FB8CD5}
		{B92790C5-C4F1-4052-ABA7-68448F28DDB2} = {09E441A6-06F8-457A-981A-394473FB8CD5}
		{8D465104-1385-4EE4-A1ED-AEE7708A537F} = {09E441A6-06F8-457A-981A-394473FB8CD5}
		{7FED8930-1B06-4954-8337-C2DEC6697D6F} = {931F26AB-58CD-4667-A281-EEC186F2FB59}
		{89DF1F67-19EC-4E38-B962-C1860C8D1D13} = {AAE5FA7E-B788-4E88-8E65-D27B7D1B0E0B}
		{826F9246-47E0-4333-947B-F8AB7C480383} = {AAE5FA7E-B788-4E88-8E65-D27B7D1B0E0B}
		{26C3DFC8-1AF2-4AD8-B54C-A4535285440C} = {AAE5FA7E-B788-4E88-8E65-D27B7D1B0E0B}
		{3DE12E9E-0E77-44A3-A1A3-C0CBE124A926} = {09E441A6-06F8-457A-981A-394473FB8CD5}
		{F2BC52B7-C366-4D73-B354-2BD4D2254187} = {AAE5FA7E-B788-4E88-8E65-D27B7D1B0E0B}
	EndGlobalSection
	GlobalSection(ExtensibilityGlobals) = postSolution
		SolutionGuid = {05069EBB-9F94-4DAA-A619-C2F496B37BA4}
	EndGlobalSection
EndGlobal
