
Microsoft Visual Studio Solution File, Format Version 12.00
# Visual Studio 15
VisualStudioVersion = 15.0.26730.12
MinimumVisualStudioVersion = 10.0.40219.1
Project("{9A19103F-16F7-4668-BE54-9A1E7A4F7556}") = "Sia.Shared", "src\Sia.Shared\Sia.Shared.csproj", "{C4AA9F6D-DFB1-4044-A7CD-FA3B6D5BA6AE}"
EndProject
Project("{9A19103F-16F7-4668-BE54-9A1E7A4F7556}") = "Sia.Domain", "src\Sia.Domain\Sia.Domain.csproj", "{06A61034-E432-4BA2-97F4-3339A95B1871}"
EndProject
Project("{9A19103F-16F7-4668-BE54-9A1E7A4F7556}") = "Sia.Domain.ApiModels", "src\Sia.Domain.ApiModels\Sia.Domain.ApiModels.csproj", "{A08AACCD-A349-4EA9-BC36-CDE18E8A9E56}"
EndProject
Project("{9A19103F-16F7-4668-BE54-9A1E7A4F7556}") = "Sia.Data.Incidents", "src\Sia.Data.Incident\Sia.Data.Incidents.csproj", "{269ABD9E-3E8E-4F7D-8D45-6FE13F405C5A}"
EndProject
Project("{9A19103F-16F7-4668-BE54-9A1E7A4F7556}") = "Sia.Connectors.Tickets", "src\Sia.Connectors.Tickets\Sia.Connectors.Tickets.csproj", "{B92790C5-C4F1-4052-ABA7-68448F28DDB2}"
EndProject
Project("{9A19103F-16F7-4668-BE54-9A1E7A4F7556}") = "Sia.Gateway", "src\Sia.Gateway\Sia.Gateway.csproj", "{8D465104-1385-4EE4-A1ED-AEE7708A537F}"
EndProject
Project("{2150E333-8FDC-42A3-9474-1A3956D46DE8}") = "src", "src", "{09E441A6-06F8-457A-981A-394473FB8CD5}"
EndProject
Project("{2150E333-8FDC-42A3-9474-1A3956D46DE8}") = "test", "test", "{931F26AB-58CD-4667-A281-EEC186F2FB59}"
EndProject
Project("{9A19103F-16F7-4668-BE54-9A1E7A4F7556}") = "Sia.Gateway.Tests", "test\Sia.Gateway.Tests\Sia.Gateway.Tests.csproj", "{7FED8930-1B06-4954-8337-C2DEC6697D6F}"
EndProject
Project("{FAE04EC0-301F-11D3-BF4B-00C04F79EFBC}") = "Sia.Data.Playbooks", "Sia.Data.Playbooks\Sia.Data.Playbooks.csproj", "{8223434F-1377-4793-869A-ADF9EE2F08AF}"
EndProject
Global
	GlobalSection(SolutionConfigurationPlatforms) = preSolution
		Debug|Any CPU = Debug|Any CPU
		Release|Any CPU = Release|Any CPU
	EndGlobalSection
	GlobalSection(ProjectConfigurationPlatforms) = postSolution
		{C4AA9F6D-DFB1-4044-A7CD-FA3B6D5BA6AE}.Debug|Any CPU.ActiveCfg = Debug|Any CPU
		{C4AA9F6D-DFB1-4044-A7CD-FA3B6D5BA6AE}.Debug|Any CPU.Build.0 = Debug|Any CPU
		{C4AA9F6D-DFB1-4044-A7CD-FA3B6D5BA6AE}.Release|Any CPU.ActiveCfg = Release|Any CPU
		{C4AA9F6D-DFB1-4044-A7CD-FA3B6D5BA6AE}.Release|Any CPU.Build.0 = Release|Any CPU
		{06A61034-E432-4BA2-97F4-3339A95B1871}.Debug|Any CPU.ActiveCfg = Debug|Any CPU
		{06A61034-E432-4BA2-97F4-3339A95B1871}.Debug|Any CPU.Build.0 = Debug|Any CPU
		{06A61034-E432-4BA2-97F4-3339A95B1871}.Release|Any CPU.ActiveCfg = Release|Any CPU
		{06A61034-E432-4BA2-97F4-3339A95B1871}.Release|Any CPU.Build.0 = Release|Any CPU
		{A08AACCD-A349-4EA9-BC36-CDE18E8A9E56}.Debug|Any CPU.ActiveCfg = Debug|Any CPU
		{A08AACCD-A349-4EA9-BC36-CDE18E8A9E56}.Debug|Any CPU.Build.0 = Debug|Any CPU
		{A08AACCD-A349-4EA9-BC36-CDE18E8A9E56}.Release|Any CPU.ActiveCfg = Release|Any CPU
		{A08AACCD-A349-4EA9-BC36-CDE18E8A9E56}.Release|Any CPU.Build.0 = Release|Any CPU
		{269ABD9E-3E8E-4F7D-8D45-6FE13F405C5A}.Debug|Any CPU.ActiveCfg = Debug|Any CPU
		{269ABD9E-3E8E-4F7D-8D45-6FE13F405C5A}.Debug|Any CPU.Build.0 = Debug|Any CPU
		{269ABD9E-3E8E-4F7D-8D45-6FE13F405C5A}.Release|Any CPU.ActiveCfg = Release|Any CPU
		{269ABD9E-3E8E-4F7D-8D45-6FE13F405C5A}.Release|Any CPU.Build.0 = Release|Any CPU
		{B92790C5-C4F1-4052-ABA7-68448F28DDB2}.Debug|Any CPU.ActiveCfg = Debug|Any CPU
		{B92790C5-C4F1-4052-ABA7-68448F28DDB2}.Debug|Any CPU.Build.0 = Debug|Any CPU
		{B92790C5-C4F1-4052-ABA7-68448F28DDB2}.Release|Any CPU.ActiveCfg = Release|Any CPU
		{B92790C5-C4F1-4052-ABA7-68448F28DDB2}.Release|Any CPU.Build.0 = Release|Any CPU
		{8D465104-1385-4EE4-A1ED-AEE7708A537F}.Debug|Any CPU.ActiveCfg = Debug|Any CPU
		{8D465104-1385-4EE4-A1ED-AEE7708A537F}.Debug|Any CPU.Build.0 = Debug|Any CPU
		{8D465104-1385-4EE4-A1ED-AEE7708A537F}.Release|Any CPU.ActiveCfg = Release|Any CPU
		{8D465104-1385-4EE4-A1ED-AEE7708A537F}.Release|Any CPU.Build.0 = Release|Any CPU
		{7FED8930-1B06-4954-8337-C2DEC6697D6F}.Debug|Any CPU.ActiveCfg = Debug|Any CPU
		{7FED8930-1B06-4954-8337-C2DEC6697D6F}.Debug|Any CPU.Build.0 = Debug|Any CPU
		{7FED8930-1B06-4954-8337-C2DEC6697D6F}.Release|Any CPU.ActiveCfg = Release|Any CPU
		{7FED8930-1B06-4954-8337-C2DEC6697D6F}.Release|Any CPU.Build.0 = Release|Any CPU
		{8223434F-1377-4793-869A-ADF9EE2F08AF}.Debug|Any CPU.ActiveCfg = Debug|Any CPU
		{8223434F-1377-4793-869A-ADF9EE2F08AF}.Debug|Any CPU.Build.0 = Debug|Any CPU
		{8223434F-1377-4793-869A-ADF9EE2F08AF}.Release|Any CPU.ActiveCfg = Release|Any CPU
		{8223434F-1377-4793-869A-ADF9EE2F08AF}.Release|Any CPU.Build.0 = Release|Any CPU
	EndGlobalSection
	GlobalSection(SolutionProperties) = preSolution
		HideSolutionNode = FALSE
	EndGlobalSection
	GlobalSection(NestedProjects) = preSolution
		{C4AA9F6D-DFB1-4044-A7CD-FA3B6D5BA6AE} = {09E441A6-06F8-457A-981A-394473FB8CD5}
		{06A61034-E432-4BA2-97F4-3339A95B1871} = {09E441A6-06F8-457A-981A-394473FB8CD5}
		{A08AACCD-A349-4EA9-BC36-CDE18E8A9E56} = {09E441A6-06F8-457A-981A-394473FB8CD5}
		{269ABD9E-3E8E-4F7D-8D45-6FE13F405C5A} = {09E441A6-06F8-457A-981A-394473FB8CD5}
		{B92790C5-C4F1-4052-ABA7-68448F28DDB2} = {09E441A6-06F8-457A-981A-394473FB8CD5}
		{8D465104-1385-4EE4-A1ED-AEE7708A537F} = {09E441A6-06F8-457A-981A-394473FB8CD5}
		{7FED8930-1B06-4954-8337-C2DEC6697D6F} = {931F26AB-58CD-4667-A281-EEC186F2FB59}
		{8223434F-1377-4793-869A-ADF9EE2F08AF} = {09E441A6-06F8-457A-981A-394473FB8CD5}
	EndGlobalSection
	GlobalSection(ExtensibilityGlobals) = postSolution
		SolutionGuid = {05069EBB-9F94-4DAA-A619-C2F496B37BA4}
	EndGlobalSection
EndGlobal
